
Microsoft Visual Studio Solution File, Format Version 12.00
# Visual Studio 14
VisualStudioVersion = 14.0.23107.0
MinimumVisualStudioVersion = 10.0.40219.1
Project("{E24C65DC-7377-472B-9ABA-BC803B73C61A}") = "KellerhoffAdmin", "KellerhoffAdmin\", "{CD44F7ED-24DF-443B-BA37-BD32A98389A1}"
	ProjectSection(WebsiteProperties) = preProject
		TargetFrameworkMoniker = ".NETFramework,Version%3Dv4.0"
		Debug.AspNetCompiler.VirtualPath = "/localhost_37170"
		Debug.AspNetCompiler.PhysicalPath = "KellerhoffAdmin\"
		Debug.AspNetCompiler.TargetPath = "PrecompiledWeb\localhost_37170\"
		Debug.AspNetCompiler.Updateable = "true"
		Debug.AspNetCompiler.ForceOverwrite = "true"
		Debug.AspNetCompiler.FixedNames = "false"
		Debug.AspNetCompiler.Debug = "True"
		Release.AspNetCompiler.VirtualPath = "/localhost_37170"
		Release.AspNetCompiler.PhysicalPath = "KellerhoffAdmin\"
		Release.AspNetCompiler.TargetPath = "PrecompiledWeb\localhost_37170\"
		Release.AspNetCompiler.Updateable = "true"
		Release.AspNetCompiler.ForceOverwrite = "true"
		Release.AspNetCompiler.FixedNames = "false"
		Release.AspNetCompiler.Debug = "False"
		VWDPort = "37170"
		SlnRelativePath = "KellerhoffAdmin\"
		DefaultWebSiteLanguage = "Visual C#"
	EndProjectSection
EndProject
Global
	GlobalSection(SolutionConfigurationPlatforms) = preSolution
		Debug|Any CPU = Debug|Any CPU
	EndGlobalSection
	GlobalSection(ProjectConfigurationPlatforms) = postSolution
		{CD44F7ED-24DF-443B-BA37-BD32A98389A1}.Debug|Any CPU.ActiveCfg = Debug|Any CPU
		{CD44F7ED-24DF-443B-BA37-BD32A98389A1}.Debug|Any CPU.Build.0 = Debug|Any CPU
	EndGlobalSection
	GlobalSection(SolutionProperties) = preSolution
		HideSolutionNode = FALSE
	EndGlobalSection
	GlobalSection(ExtensibilityGlobals) = postSolution
		SolutionGuid = {AE3F339E-C2FF-4271-A304-03A0A720BF5D}
	EndGlobalSection
EndGlobal
